
Microsoft Visual Studio Solution File, Format Version 12.00
# Visual Studio Version 16
VisualStudioVersion = 16.0.31321.278
MinimumVisualStudioVersion = 10.0.40219.1
Project("{FAE04EC0-301F-11D3-BF4B-00C04F79EFBC}") = "OpenCVDemo2", "OpenCVDemo2\OpenCVDemo2.csproj", "{AF02AFAD-273E-40B2-B2FD-E2BCE6643D7C}"
EndProject
Global
	GlobalSection(SolutionConfigurationPlatforms) = preSolution
		Debug|Any CPU = Debug|Any CPU
		Release|Any CPU = Release|Any CPU
	EndGlobalSection
	GlobalSection(ProjectConfigurationPlatforms) = postSolution
		{AF02AFAD-273E-40B2-B2FD-E2BCE6643D7C}.Debug|Any CPU.ActiveCfg = Debug|Any CPU
		{AF02AFAD-273E-40B2-B2FD-E2BCE6643D7C}.Debug|Any CPU.Build.0 = Debug|Any CPU
		{AF02AFAD-273E-40B2-B2FD-E2BCE6643D7C}.Release|Any CPU.ActiveCfg = Release|Any CPU
		{AF02AFAD-273E-40B2-B2FD-E2BCE6643D7C}.Release|Any CPU.Build.0 = Release|Any CPU
	EndGlobalSection
	GlobalSection(SolutionProperties) = preSolution
		HideSolutionNode = FALSE
	EndGlobalSection
	GlobalSection(ExtensibilityGlobals) = postSolution
		SolutionGuid = {7E761ECE-5324-40F0-809F-6D3B3CEC94A1}
	EndGlobalSection
EndGlobal
